
Microsoft Visual Studio Solution File, Format Version 12.00
# Visual Studio Version 16
VisualStudioVersion = 16.0.29025.244
MinimumVisualStudioVersion = 10.0.40219.1
Project("{FAE04EC0-301F-11D3-BF4B-00C04F79EFBC}") = "MarsLander", "MarsLander\MarsLander.csproj", "{AFC66C19-C502-44C9-BE16-CB33D16E20FD}"
EndProject
Project("{FAE04EC0-301F-11D3-BF4B-00C04F79EFBC}") = "MarsLanderTests", "MarsLanderTests\MarsLanderTests.csproj", "{690375AF-0673-41B9-BB15-6D6BBF78F391}"
EndProject
Global
	GlobalSection(SolutionConfigurationPlatforms) = preSolution
		Debug|Any CPU = Debug|Any CPU
		Release|Any CPU = Release|Any CPU
	EndGlobalSection
	GlobalSection(ProjectConfigurationPlatforms) = postSolution
		{AFC66C19-C502-44C9-BE16-CB33D16E20FD}.Debug|Any CPU.ActiveCfg = Debug|Any CPU
		{AFC66C19-C502-44C9-BE16-CB33D16E20FD}.Debug|Any CPU.Build.0 = Debug|Any CPU
		{AFC66C19-C502-44C9-BE16-CB33D16E20FD}.Release|Any CPU.ActiveCfg = Release|Any CPU
		{AFC66C19-C502-44C9-BE16-CB33D16E20FD}.Release|Any CPU.Build.0 = Release|Any CPU
		{690375AF-0673-41B9-BB15-6D6BBF78F391}.Debug|Any CPU.ActiveCfg = Debug|Any CPU
		{690375AF-0673-41B9-BB15-6D6BBF78F391}.Debug|Any CPU.Build.0 = Debug|Any CPU
		{690375AF-0673-41B9-BB15-6D6BBF78F391}.Release|Any CPU.ActiveCfg = Release|Any CPU
		{690375AF-0673-41B9-BB15-6D6BBF78F391}.Release|Any CPU.Build.0 = Release|Any CPU
	EndGlobalSection
	GlobalSection(SolutionProperties) = preSolution
		HideSolutionNode = FALSE
	EndGlobalSection
	GlobalSection(ExtensibilityGlobals) = postSolution
		SolutionGuid = {93565920-6ADC-46D9-8FA1-E79349E808BB}
	EndGlobalSection
EndGlobal
